// !$*UTF8*$!
{
	archiveVersion = 1;
	classes = {
	};
	objectVersion = 51;
	objects = {

/* Begin PBXBuildFile section */
		2C513B78D6B935EA2785B3E9 /* Pods_Forecast_Test_Forecast_TestUITests.framework in Frameworks */ = {isa = PBXBuildFile; fileRef = 3B3074CB662FA5C91CBCA19F /* Pods_Forecast_Test_Forecast_TestUITests.framework */; };
		44E0B8DDE03D57BC28D0F39A /* Pods_Forecast_TestTests.framework in Frameworks */ = {isa = PBXBuildFile; fileRef = A6010AC27EE881C64ABCECE7 /* Pods_Forecast_TestTests.framework */; };
		4E5A32FDAE735F840211A65D /* Pods_Forecast_Test.framework in Frameworks */ = {isa = PBXBuildFile; fileRef = C98A16B03B214A9ABA3D8F99 /* Pods_Forecast_Test.framework */; };
		FC3C9D5524C0FDEB005368E7 /* Image+Extension.swift in Sources */ = {isa = PBXBuildFile; fileRef = FC3C9D5424C0FDEB005368E7 /* Image+Extension.swift */; };
		FC3C9D5724C0FDF6005368E7 /* String+Extension.swift in Sources */ = {isa = PBXBuildFile; fileRef = FC3C9D5624C0FDF6005368E7 /* String+Extension.swift */; };
		FC43B16A24BF967D00F774F4 /* HomeViewModel.swift in Sources */ = {isa = PBXBuildFile; fileRef = FC43B16924BF967D00F774F4 /* HomeViewModel.swift */; };
		FC5139F424BFD83C00A197FA /* News.swift in Sources */ = {isa = PBXBuildFile; fileRef = FC5139F324BFD83C00A197FA /* News.swift */; };
		FC5139F624BFE0F300A197FA /* ViewController+Extension.swift in Sources */ = {isa = PBXBuildFile; fileRef = FC5139F524BFE0F300A197FA /* ViewController+Extension.swift */; };
		FC513A0124BFE83F00A197FA /* NewsTableViewCell.swift in Sources */ = {isa = PBXBuildFile; fileRef = FC5139FF24BFE83F00A197FA /* NewsTableViewCell.swift */; };
		FC513A0224BFE83F00A197FA /* NewsTableViewCell.xib in Resources */ = {isa = PBXBuildFile; fileRef = FC513A0024BFE83F00A197FA /* NewsTableViewCell.xib */; };
		FC513A0524BFF39F00A197FA /* ForecastTableViewCell.swift in Sources */ = {isa = PBXBuildFile; fileRef = FC513A0324BFF39F00A197FA /* ForecastTableViewCell.swift */; };
		FC513A0624BFF39F00A197FA /* ForecastTableViewCell.xib in Resources */ = {isa = PBXBuildFile; fileRef = FC513A0424BFF39F00A197FA /* ForecastTableViewCell.xib */; };
		FC513A0924BFF75A00A197FA /* CityTableViewCell.swift in Sources */ = {isa = PBXBuildFile; fileRef = FC513A0724BFF75A00A197FA /* CityTableViewCell.swift */; };
		FC513A0A24BFF75A00A197FA /* CityTableViewCell.xib in Resources */ = {isa = PBXBuildFile; fileRef = FC513A0824BFF75A00A197FA /* CityTableViewCell.xib */; };
		FC513A0D24BFF99000A197FA /* NewsHeaderTableViewCell.swift in Sources */ = {isa = PBXBuildFile; fileRef = FC513A0B24BFF99000A197FA /* NewsHeaderTableViewCell.swift */; };
		FC513A0E24BFF99000A197FA /* NewsHeaderTableViewCell.xib in Resources */ = {isa = PBXBuildFile; fileRef = FC513A0C24BFF99000A197FA /* NewsHeaderTableViewCell.xib */; };
		FC703C1524BE997800A46085 /* ServiceRequest .swift in Sources */ = {isa = PBXBuildFile; fileRef = FC703C1424BE997800A46085 /* ServiceRequest .swift */; };
		FC703C1724BE99E300A46085 /* RequestBase.swift in Sources */ = {isa = PBXBuildFile; fileRef = FC703C1624BE99E300A46085 /* RequestBase.swift */; };
		FC703C1A24BEB11000A46085 /* Weather.swift in Sources */ = {isa = PBXBuildFile; fileRef = FC703C1924BEB11000A46085 /* Weather.swift */; };
		FCFA4A3424BE6E190029E057 /* AppDelegate.swift in Sources */ = {isa = PBXBuildFile; fileRef = FCFA4A3324BE6E190029E057 /* AppDelegate.swift */; };
		FCFA4A3624BE6E190029E057 /* SceneDelegate.swift in Sources */ = {isa = PBXBuildFile; fileRef = FCFA4A3524BE6E190029E057 /* SceneDelegate.swift */; };
		FCFA4A3824BE6E190029E057 /* HomeViewController.swift in Sources */ = {isa = PBXBuildFile; fileRef = FCFA4A3724BE6E190029E057 /* HomeViewController.swift */; };
		FCFA4A3B24BE6E190029E057 /* Main.storyboard in Resources */ = {isa = PBXBuildFile; fileRef = FCFA4A3924BE6E190029E057 /* Main.storyboard */; };
		FCFA4A3D24BE6E1B0029E057 /* Assets.xcassets in Resources */ = {isa = PBXBuildFile; fileRef = FCFA4A3C24BE6E1B0029E057 /* Assets.xcassets */; };
		FCFA4A4024BE6E1B0029E057 /* LaunchScreen.storyboard in Resources */ = {isa = PBXBuildFile; fileRef = FCFA4A3E24BE6E1B0029E057 /* LaunchScreen.storyboard */; };
		FCFA4A4B24BE6E1B0029E057 /* Forecast_TestTests.swift in Sources */ = {isa = PBXBuildFile; fileRef = FCFA4A4A24BE6E1B0029E057 /* Forecast_TestTests.swift */; };
		FCFA4A5624BE6E1B0029E057 /* Forecast_TestUITests.swift in Sources */ = {isa = PBXBuildFile; fileRef = FCFA4A5524BE6E1B0029E057 /* Forecast_TestUITests.swift */; };
/* End PBXBuildFile section */

/* Begin PBXContainerItemProxy section */
		FCFA4A4724BE6E1B0029E057 /* PBXContainerItemProxy */ = {
			isa = PBXContainerItemProxy;
			containerPortal = FCFA4A2824BE6E190029E057 /* Project object */;
			proxyType = 1;
			remoteGlobalIDString = FCFA4A2F24BE6E190029E057;
			remoteInfo = Forecast_Test;
		};
		FCFA4A5224BE6E1B0029E057 /* PBXContainerItemProxy */ = {
			isa = PBXContainerItemProxy;
			containerPortal = FCFA4A2824BE6E190029E057 /* Project object */;
			proxyType = 1;
			remoteGlobalIDString = FCFA4A2F24BE6E190029E057;
			remoteInfo = Forecast_Test;
		};
/* End PBXContainerItemProxy section */

/* Begin PBXFileReference section */
		0C54C2C51698C76C5880E025 /* Pods-Forecast_Test-Forecast_TestUITests.release.xcconfig */ = {isa = PBXFileReference; includeInIndex = 1; lastKnownFileType = text.xcconfig; name = "Pods-Forecast_Test-Forecast_TestUITests.release.xcconfig"; path = "Target Support Files/Pods-Forecast_Test-Forecast_TestUITests/Pods-Forecast_Test-Forecast_TestUITests.release.xcconfig"; sourceTree = "<group>"; };
		3B3074CB662FA5C91CBCA19F /* Pods_Forecast_Test_Forecast_TestUITests.framework */ = {isa = PBXFileReference; explicitFileType = wrapper.framework; includeInIndex = 0; path = Pods_Forecast_Test_Forecast_TestUITests.framework; sourceTree = BUILT_PRODUCTS_DIR; };
		5ECAFE9FD06FC52E813310DD /* Pods-Forecast_Test.debug.xcconfig */ = {isa = PBXFileReference; includeInIndex = 1; lastKnownFileType = text.xcconfig; name = "Pods-Forecast_Test.debug.xcconfig"; path = "Target Support Files/Pods-Forecast_Test/Pods-Forecast_Test.debug.xcconfig"; sourceTree = "<group>"; };
		A6010AC27EE881C64ABCECE7 /* Pods_Forecast_TestTests.framework */ = {isa = PBXFileReference; explicitFileType = wrapper.framework; includeInIndex = 0; path = Pods_Forecast_TestTests.framework; sourceTree = BUILT_PRODUCTS_DIR; };
		AD15350D6A9DB71A0B55B5D1 /* Pods-Forecast_TestTests.debug.xcconfig */ = {isa = PBXFileReference; includeInIndex = 1; lastKnownFileType = text.xcconfig; name = "Pods-Forecast_TestTests.debug.xcconfig"; path = "Target Support Files/Pods-Forecast_TestTests/Pods-Forecast_TestTests.debug.xcconfig"; sourceTree = "<group>"; };
		BF86457A33B9EBA2C696D76F /* Pods-Forecast_TestTests.release.xcconfig */ = {isa = PBXFileReference; includeInIndex = 1; lastKnownFileType = text.xcconfig; name = "Pods-Forecast_TestTests.release.xcconfig"; path = "Target Support Files/Pods-Forecast_TestTests/Pods-Forecast_TestTests.release.xcconfig"; sourceTree = "<group>"; };
		C8FBA4199F0BBCD2AEDA162B /* Pods-Forecast_Test.release.xcconfig */ = {isa = PBXFileReference; includeInIndex = 1; lastKnownFileType = text.xcconfig; name = "Pods-Forecast_Test.release.xcconfig"; path = "Target Support Files/Pods-Forecast_Test/Pods-Forecast_Test.release.xcconfig"; sourceTree = "<group>"; };
		C98A16B03B214A9ABA3D8F99 /* Pods_Forecast_Test.framework */ = {isa = PBXFileReference; explicitFileType = wrapper.framework; includeInIndex = 0; path = Pods_Forecast_Test.framework; sourceTree = BUILT_PRODUCTS_DIR; };
		FBADC42C0185E44643FDC44A /* Pods-Forecast_Test-Forecast_TestUITests.debug.xcconfig */ = {isa = PBXFileReference; includeInIndex = 1; lastKnownFileType = text.xcconfig; name = "Pods-Forecast_Test-Forecast_TestUITests.debug.xcconfig"; path = "Target Support Files/Pods-Forecast_Test-Forecast_TestUITests/Pods-Forecast_Test-Forecast_TestUITests.debug.xcconfig"; sourceTree = "<group>"; };
		FC3C9D5424C0FDEB005368E7 /* Image+Extension.swift */ = {isa = PBXFileReference; lastKnownFileType = sourcecode.swift; path = "Image+Extension.swift"; sourceTree = "<group>"; };
		FC3C9D5624C0FDF6005368E7 /* String+Extension.swift */ = {isa = PBXFileReference; lastKnownFileType = sourcecode.swift; path = "String+Extension.swift"; sourceTree = "<group>"; };
		FC43B16924BF967D00F774F4 /* HomeViewModel.swift */ = {isa = PBXFileReference; lastKnownFileType = sourcecode.swift; path = HomeViewModel.swift; sourceTree = "<group>"; };
		FC5139F324BFD83C00A197FA /* News.swift */ = {isa = PBXFileReference; lastKnownFileType = sourcecode.swift; path = News.swift; sourceTree = "<group>"; };
		FC5139F524BFE0F300A197FA /* ViewController+Extension.swift */ = {isa = PBXFileReference; lastKnownFileType = sourcecode.swift; path = "ViewController+Extension.swift"; sourceTree = "<group>"; };
		FC5139FF24BFE83F00A197FA /* NewsTableViewCell.swift */ = {isa = PBXFileReference; lastKnownFileType = sourcecode.swift; path = NewsTableViewCell.swift; sourceTree = "<group>"; };
		FC513A0024BFE83F00A197FA /* NewsTableViewCell.xib */ = {isa = PBXFileReference; lastKnownFileType = file.xib; path = NewsTableViewCell.xib; sourceTree = "<group>"; };
		FC513A0324BFF39F00A197FA /* ForecastTableViewCell.swift */ = {isa = PBXFileReference; lastKnownFileType = sourcecode.swift; name = ForecastTableViewCell.swift; path = Forecast_Test/View/Cell/ForecastTableViewCell.swift; sourceTree = SOURCE_ROOT; };
		FC513A0424BFF39F00A197FA /* ForecastTableViewCell.xib */ = {isa = PBXFileReference; lastKnownFileType = file.xib; name = ForecastTableViewCell.xib; path = Forecast_Test/View/Cell/ForecastTableViewCell.xib; sourceTree = SOURCE_ROOT; };
		FC513A0724BFF75A00A197FA /* CityTableViewCell.swift */ = {isa = PBXFileReference; lastKnownFileType = sourcecode.swift; path = CityTableViewCell.swift; sourceTree = "<group>"; };
		FC513A0824BFF75A00A197FA /* CityTableViewCell.xib */ = {isa = PBXFileReference; lastKnownFileType = file.xib; path = CityTableViewCell.xib; sourceTree = "<group>"; };
		FC513A0B24BFF99000A197FA /* NewsHeaderTableViewCell.swift */ = {isa = PBXFileReference; lastKnownFileType = sourcecode.swift; path = NewsHeaderTableViewCell.swift; sourceTree = "<group>"; };
		FC513A0C24BFF99000A197FA /* NewsHeaderTableViewCell.xib */ = {isa = PBXFileReference; lastKnownFileType = file.xib; path = NewsHeaderTableViewCell.xib; sourceTree = "<group>"; };
		FC703C1424BE997800A46085 /* ServiceRequest .swift */ = {isa = PBXFileReference; lastKnownFileType = sourcecode.swift; path = "ServiceRequest .swift"; sourceTree = "<group>"; };
		FC703C1624BE99E300A46085 /* RequestBase.swift */ = {isa = PBXFileReference; lastKnownFileType = sourcecode.swift; path = RequestBase.swift; sourceTree = "<group>"; };
		FC703C1924BEB11000A46085 /* Weather.swift */ = {isa = PBXFileReference; lastKnownFileType = sourcecode.swift; path = Weather.swift; sourceTree = "<group>"; };
		FCFA4A3024BE6E190029E057 /* Forecast_Test.app */ = {isa = PBXFileReference; explicitFileType = wrapper.application; includeInIndex = 0; path = Forecast_Test.app; sourceTree = BUILT_PRODUCTS_DIR; };
		FCFA4A3324BE6E190029E057 /* AppDelegate.swift */ = {isa = PBXFileReference; lastKnownFileType = sourcecode.swift; path = AppDelegate.swift; sourceTree = "<group>"; };
		FCFA4A3524BE6E190029E057 /* SceneDelegate.swift */ = {isa = PBXFileReference; lastKnownFileType = sourcecode.swift; path = SceneDelegate.swift; sourceTree = "<group>"; };
		FCFA4A3724BE6E190029E057 /* HomeViewController.swift */ = {isa = PBXFileReference; lastKnownFileType = sourcecode.swift; path = HomeViewController.swift; sourceTree = "<group>"; };
		FCFA4A3A24BE6E190029E057 /* Base */ = {isa = PBXFileReference; lastKnownFileType = file.storyboard; name = Base; path = Base.lproj/Main.storyboard; sourceTree = "<group>"; };
		FCFA4A3C24BE6E1B0029E057 /* Assets.xcassets */ = {isa = PBXFileReference; lastKnownFileType = folder.assetcatalog; path = Assets.xcassets; sourceTree = "<group>"; };
		FCFA4A3F24BE6E1B0029E057 /* Base */ = {isa = PBXFileReference; lastKnownFileType = file.storyboard; name = Base; path = Base.lproj/LaunchScreen.storyboard; sourceTree = "<group>"; };
		FCFA4A4124BE6E1B0029E057 /* Info.plist */ = {isa = PBXFileReference; lastKnownFileType = text.plist.xml; path = Info.plist; sourceTree = "<group>"; };
		FCFA4A4624BE6E1B0029E057 /* Forecast_TestTests.xctest */ = {isa = PBXFileReference; explicitFileType = wrapper.cfbundle; includeInIndex = 0; path = Forecast_TestTests.xctest; sourceTree = BUILT_PRODUCTS_DIR; };
		FCFA4A4A24BE6E1B0029E057 /* Forecast_TestTests.swift */ = {isa = PBXFileReference; lastKnownFileType = sourcecode.swift; path = Forecast_TestTests.swift; sourceTree = "<group>"; };
		FCFA4A4C24BE6E1B0029E057 /* Info.plist */ = {isa = PBXFileReference; lastKnownFileType = text.plist.xml; path = Info.plist; sourceTree = "<group>"; };
		FCFA4A5124BE6E1B0029E057 /* Forecast_TestUITests.xctest */ = {isa = PBXFileReference; explicitFileType = wrapper.cfbundle; includeInIndex = 0; path = Forecast_TestUITests.xctest; sourceTree = BUILT_PRODUCTS_DIR; };
		FCFA4A5524BE6E1B0029E057 /* Forecast_TestUITests.swift */ = {isa = PBXFileReference; lastKnownFileType = sourcecode.swift; path = Forecast_TestUITests.swift; sourceTree = "<group>"; };
		FCFA4A5724BE6E1B0029E057 /* Info.plist */ = {isa = PBXFileReference; lastKnownFileType = text.plist.xml; path = Info.plist; sourceTree = "<group>"; };
/* End PBXFileReference section */

/* Begin PBXFrameworksBuildPhase section */
		FCFA4A2D24BE6E190029E057 /* Frameworks */ = {
			isa = PBXFrameworksBuildPhase;
			buildActionMask = 2147483647;
			files = (
				4E5A32FDAE735F840211A65D /* Pods_Forecast_Test.framework in Frameworks */,
			);
			runOnlyForDeploymentPostprocessing = 0;
		};
		FCFA4A4324BE6E1B0029E057 /* Frameworks */ = {
			isa = PBXFrameworksBuildPhase;
			buildActionMask = 2147483647;
			files = (
				44E0B8DDE03D57BC28D0F39A /* Pods_Forecast_TestTests.framework in Frameworks */,
			);
			runOnlyForDeploymentPostprocessing = 0;
		};
		FCFA4A4E24BE6E1B0029E057 /* Frameworks */ = {
			isa = PBXFrameworksBuildPhase;
			buildActionMask = 2147483647;
			files = (
				2C513B78D6B935EA2785B3E9 /* Pods_Forecast_Test_Forecast_TestUITests.framework in Frameworks */,
			);
			runOnlyForDeploymentPostprocessing = 0;
		};
/* End PBXFrameworksBuildPhase section */

/* Begin PBXGroup section */
		40B69D9FB9F0FEBE0AF97522 /* Pods */ = {
			isa = PBXGroup;
			children = (
				5ECAFE9FD06FC52E813310DD /* Pods-Forecast_Test.debug.xcconfig */,
				C8FBA4199F0BBCD2AEDA162B /* Pods-Forecast_Test.release.xcconfig */,
				FBADC42C0185E44643FDC44A /* Pods-Forecast_Test-Forecast_TestUITests.debug.xcconfig */,
				0C54C2C51698C76C5880E025 /* Pods-Forecast_Test-Forecast_TestUITests.release.xcconfig */,
				AD15350D6A9DB71A0B55B5D1 /* Pods-Forecast_TestTests.debug.xcconfig */,
				BF86457A33B9EBA2C696D76F /* Pods-Forecast_TestTests.release.xcconfig */,
			);
			path = Pods;
			sourceTree = "<group>";
		};
		CCA39D75E165AA9851E07A9F /* Frameworks */ = {
			isa = PBXGroup;
			children = (
				C98A16B03B214A9ABA3D8F99 /* Pods_Forecast_Test.framework */,
				3B3074CB662FA5C91CBCA19F /* Pods_Forecast_Test_Forecast_TestUITests.framework */,
				A6010AC27EE881C64ABCECE7 /* Pods_Forecast_TestTests.framework */,
			);
			name = Frameworks;
			sourceTree = "<group>";
		};
		FC3C9D5824C100F5005368E7 /* App */ = {
			isa = PBXGroup;
			children = (
				FCFA4A3324BE6E190029E057 /* AppDelegate.swift */,
				FCFA4A3524BE6E190029E057 /* SceneDelegate.swift */,
				FCFA4A4124BE6E1B0029E057 /* Info.plist */,
			);
			path = App;
			sourceTree = "<group>";
		};
		FC703C1324BE993000A46085 /* Service */ = {
			isa = PBXGroup;
			children = (
				FC703C1424BE997800A46085 /* ServiceRequest .swift */,
				FC703C1624BE99E300A46085 /* RequestBase.swift */,
			);
			path = Service;
			sourceTree = "<group>";
		};
		FC703C1824BEB0DD00A46085 /* Model */ = {
			isa = PBXGroup;
			children = (
				FCFA4A3C24BE6E1B0029E057 /* Assets.xcassets */,
				FC703C1924BEB11000A46085 /* Weather.swift */,
				FC5139F324BFD83C00A197FA /* News.swift */,
				FC5139F524BFE0F300A197FA /* ViewController+Extension.swift */,
				FC3C9D5424C0FDEB005368E7 /* Image+Extension.swift */,
				FC3C9D5624C0FDF6005368E7 /* String+Extension.swift */,
			);
			path = Model;
			sourceTree = "<group>";
		};
		FCAFCC1824BE73B900DB610F /* Cell */ = {
			isa = PBXGroup;
			children = (
				FC513A0324BFF39F00A197FA /* ForecastTableViewCell.swift */,
				FC513A0424BFF39F00A197FA /* ForecastTableViewCell.xib */,
				FC5139FF24BFE83F00A197FA /* NewsTableViewCell.swift */,
				FC513A0024BFE83F00A197FA /* NewsTableViewCell.xib */,
				FC513A0724BFF75A00A197FA /* CityTableViewCell.swift */,
				FC513A0824BFF75A00A197FA /* CityTableViewCell.xib */,
				FC513A0B24BFF99000A197FA /* NewsHeaderTableViewCell.swift */,
				FC513A0C24BFF99000A197FA /* NewsHeaderTableViewCell.xib */,
			);
			path = Cell;
			sourceTree = "<group>";
		};
		FCFA4A2724BE6E190029E057 = {
			isa = PBXGroup;
			children = (
				FCFA4A3224BE6E190029E057 /* Forecast_Test */,
				FCFA4A4924BE6E1B0029E057 /* Forecast_TestTests */,
				FCFA4A5424BE6E1B0029E057 /* Forecast_TestUITests */,
				FCFA4A3124BE6E190029E057 /* Products */,
				40B69D9FB9F0FEBE0AF97522 /* Pods */,
				CCA39D75E165AA9851E07A9F /* Frameworks */,
			);
			sourceTree = "<group>";
		};
		FCFA4A3124BE6E190029E057 /* Products */ = {
			isa = PBXGroup;
			children = (
				FCFA4A3024BE6E190029E057 /* Forecast_Test.app */,
				FCFA4A4624BE6E1B0029E057 /* Forecast_TestTests.xctest */,
				FCFA4A5124BE6E1B0029E057 /* Forecast_TestUITests.xctest */,
			);
			name = Products;
			sourceTree = "<group>";
		};
		FCFA4A3224BE6E190029E057 /* Forecast_Test */ = {
			isa = PBXGroup;
			children = (
				FC3C9D5824C100F5005368E7 /* App */,
				FC703C1824BEB0DD00A46085 /* Model */,
				FCFA4A6424BE6E3D0029E057 /* Controller */,
				FCFA4A6324BE6E310029E057 /* View */,
			);
			path = Forecast_Test;
			sourceTree = "<group>";
		};
		FCFA4A4924BE6E1B0029E057 /* Forecast_TestTests */ = {
			isa = PBXGroup;
			children = (
				FCFA4A4A24BE6E1B0029E057 /* Forecast_TestTests.swift */,
				FCFA4A4C24BE6E1B0029E057 /* Info.plist */,
			);
			path = Forecast_TestTests;
			sourceTree = "<group>";
		};
		FCFA4A5424BE6E1B0029E057 /* Forecast_TestUITests */ = {
			isa = PBXGroup;
			children = (
				FCFA4A5524BE6E1B0029E057 /* Forecast_TestUITests.swift */,
				FCFA4A5724BE6E1B0029E057 /* Info.plist */,
			);
			path = Forecast_TestUITests;
			sourceTree = "<group>";
		};
		FCFA4A6324BE6E310029E057 /* View */ = {
			isa = PBXGroup;
			children = (
				FCAFCC1824BE73B900DB610F /* Cell */,
				FCFA4A3924BE6E190029E057 /* Main.storyboard */,
				FCFA4A3E24BE6E1B0029E057 /* LaunchScreen.storyboard */,
				FCFA4A3724BE6E190029E057 /* HomeViewController.swift */,
				FC43B16924BF967D00F774F4 /* HomeViewModel.swift */,
			);
			path = View;
			sourceTree = "<group>";
		};
		FCFA4A6424BE6E3D0029E057 /* Controller */ = {
			isa = PBXGroup;
			children = (
				FC703C1324BE993000A46085 /* Service */,
			);
			path = Controller;
			sourceTree = "<group>";
		};
/* End PBXGroup section */

/* Begin PBXNativeTarget section */
		FCFA4A2F24BE6E190029E057 /* Forecast_Test */ = {
			isa = PBXNativeTarget;
			buildConfigurationList = FCFA4A5A24BE6E1B0029E057 /* Build configuration list for PBXNativeTarget "Forecast_Test" */;
			buildPhases = (
				1E92AA4EA39388258C20F82A /* [CP] Check Pods Manifest.lock */,
				FCFA4A2C24BE6E190029E057 /* Sources */,
				FCFA4A2D24BE6E190029E057 /* Frameworks */,
				FCFA4A2E24BE6E190029E057 /* Resources */,
				6FC2C8C74D2AF782118F672B /* [CP] Embed Pods Frameworks */,
			);
			buildRules = (
			);
			dependencies = (
			);
			name = Forecast_Test;
			productName = Forecast_Test;
			productReference = FCFA4A3024BE6E190029E057 /* Forecast_Test.app */;
			productType = "com.apple.product-type.application";
		};
		FCFA4A4524BE6E1B0029E057 /* Forecast_TestTests */ = {
			isa = PBXNativeTarget;
			buildConfigurationList = FCFA4A5D24BE6E1B0029E057 /* Build configuration list for PBXNativeTarget "Forecast_TestTests" */;
			buildPhases = (
				495ACCC5E74836C864022723 /* [CP] Check Pods Manifest.lock */,
				FCFA4A4224BE6E1B0029E057 /* Sources */,
				FCFA4A4324BE6E1B0029E057 /* Frameworks */,
				FCFA4A4424BE6E1B0029E057 /* Resources */,
			);
			buildRules = (
			);
			dependencies = (
				FCFA4A4824BE6E1B0029E057 /* PBXTargetDependency */,
			);
			name = Forecast_TestTests;
			productName = Forecast_TestTests;
			productReference = FCFA4A4624BE6E1B0029E057 /* Forecast_TestTests.xctest */;
			productType = "com.apple.product-type.bundle.unit-test";
		};
		FCFA4A5024BE6E1B0029E057 /* Forecast_TestUITests */ = {
			isa = PBXNativeTarget;
			buildConfigurationList = FCFA4A6024BE6E1B0029E057 /* Build configuration list for PBXNativeTarget "Forecast_TestUITests" */;
			buildPhases = (
				C9DC228DAC3E033DF569D729 /* [CP] Check Pods Manifest.lock */,
				FCFA4A4D24BE6E1B0029E057 /* Sources */,
				FCFA4A4E24BE6E1B0029E057 /* Frameworks */,
				FCFA4A4F24BE6E1B0029E057 /* Resources */,
				716DE2E47D5130A621B14022 /* [CP] Embed Pods Frameworks */,
			);
			buildRules = (
			);
			dependencies = (
				FCFA4A5324BE6E1B0029E057 /* PBXTargetDependency */,
			);
			name = Forecast_TestUITests;
			productName = Forecast_TestUITests;
			productReference = FCFA4A5124BE6E1B0029E057 /* Forecast_TestUITests.xctest */;
			productType = "com.apple.product-type.bundle.ui-testing";
		};
/* End PBXNativeTarget section */

/* Begin PBXProject section */
		FCFA4A2824BE6E190029E057 /* Project object */ = {
			isa = PBXProject;
			attributes = {
				LastSwiftUpdateCheck = 1150;
				LastUpgradeCheck = 1150;
				ORGANIZATIONNAME = "Rafael Cunha de Oliveira";
				TargetAttributes = {
					FCFA4A2F24BE6E190029E057 = {
						CreatedOnToolsVersion = 11.5;
					};
					FCFA4A4524BE6E1B0029E057 = {
						CreatedOnToolsVersion = 11.5;
						TestTargetID = FCFA4A2F24BE6E190029E057;
					};
					FCFA4A5024BE6E1B0029E057 = {
						CreatedOnToolsVersion = 11.5;
						TestTargetID = FCFA4A2F24BE6E190029E057;
					};
				};
			};
			buildConfigurationList = FCFA4A2B24BE6E190029E057 /* Build configuration list for PBXProject "Forecast_Test" */;
			compatibilityVersion = "Xcode 9.3";
			developmentRegion = en;
			hasScannedForEncodings = 0;
			knownRegions = (
				en,
				Base,
			);
			mainGroup = FCFA4A2724BE6E190029E057;
			productRefGroup = FCFA4A3124BE6E190029E057 /* Products */;
			projectDirPath = "";
			projectRoot = "";
			targets = (
				FCFA4A2F24BE6E190029E057 /* Forecast_Test */,
				FCFA4A4524BE6E1B0029E057 /* Forecast_TestTests */,
				FCFA4A5024BE6E1B0029E057 /* Forecast_TestUITests */,
			);
		};
/* End PBXProject section */

/* Begin PBXResourcesBuildPhase section */
		FCFA4A2E24BE6E190029E057 /* Resources */ = {
			isa = PBXResourcesBuildPhase;
			buildActionMask = 2147483647;
			files = (
				FCFA4A4024BE6E1B0029E057 /* LaunchScreen.storyboard in Resources */,
				FCFA4A3D24BE6E1B0029E057 /* Assets.xcassets in Resources */,
				FC513A0A24BFF75A00A197FA /* CityTableViewCell.xib in Resources */,
				FC513A0224BFE83F00A197FA /* NewsTableViewCell.xib in Resources */,
				FC513A0624BFF39F00A197FA /* ForecastTableViewCell.xib in Resources */,
				FCFA4A3B24BE6E190029E057 /* Main.storyboard in Resources */,
				FC513A0E24BFF99000A197FA /* NewsHeaderTableViewCell.xib in Resources */,
			);
			runOnlyForDeploymentPostprocessing = 0;
		};
		FCFA4A4424BE6E1B0029E057 /* Resources */ = {
			isa = PBXResourcesBuildPhase;
			buildActionMask = 2147483647;
			files = (
			);
			runOnlyForDeploymentPostprocessing = 0;
		};
		FCFA4A4F24BE6E1B0029E057 /* Resources */ = {
			isa = PBXResourcesBuildPhase;
			buildActionMask = 2147483647;
			files = (
			);
			runOnlyForDeploymentPostprocessing = 0;
		};
/* End PBXResourcesBuildPhase section */

/* Begin PBXShellScriptBuildPhase section */
		1E92AA4EA39388258C20F82A /* [CP] Check Pods Manifest.lock */ = {
			isa = PBXShellScriptBuildPhase;
			buildActionMask = 2147483647;
			files = (
			);
			inputFileListPaths = (
			);
			inputPaths = (
				"${PODS_PODFILE_DIR_PATH}/Podfile.lock",
				"${PODS_ROOT}/Manifest.lock",
			);
			name = "[CP] Check Pods Manifest.lock";
			outputFileListPaths = (
			);
			outputPaths = (
				"$(DERIVED_FILE_DIR)/Pods-Forecast_Test-checkManifestLockResult.txt",
			);
			runOnlyForDeploymentPostprocessing = 0;
			shellPath = /bin/sh;
			shellScript = "diff \"${PODS_PODFILE_DIR_PATH}/Podfile.lock\" \"${PODS_ROOT}/Manifest.lock\" > /dev/null\nif [ $? != 0 ] ; then\n    # print error to STDERR\n    echo \"error: The sandbox is not in sync with the Podfile.lock. Run 'pod install' or update your CocoaPods installation.\" >&2\n    exit 1\nfi\n# This output is used by Xcode 'outputs' to avoid re-running this script phase.\necho \"SUCCESS\" > \"${SCRIPT_OUTPUT_FILE_0}\"\n";
			showEnvVarsInLog = 0;
		};
		495ACCC5E74836C864022723 /* [CP] Check Pods Manifest.lock */ = {
			isa = PBXShellScriptBuildPhase;
			buildActionMask = 2147483647;
			files = (
			);
			inputFileListPaths = (
			);
			inputPaths = (
				"${PODS_PODFILE_DIR_PATH}/Podfile.lock",
				"${PODS_ROOT}/Manifest.lock",
			);
			name = "[CP] Check Pods Manifest.lock";
			outputFileListPaths = (
			);
			outputPaths = (
				"$(DERIVED_FILE_DIR)/Pods-Forecast_TestTests-checkManifestLockResult.txt",
			);
			runOnlyForDeploymentPostprocessing = 0;
			shellPath = /bin/sh;
			shellScript = "diff \"${PODS_PODFILE_DIR_PATH}/Podfile.lock\" \"${PODS_ROOT}/Manifest.lock\" > /dev/null\nif [ $? != 0 ] ; then\n    # print error to STDERR\n    echo \"error: The sandbox is not in sync with the Podfile.lock. Run 'pod install' or update your CocoaPods installation.\" >&2\n    exit 1\nfi\n# This output is used by Xcode 'outputs' to avoid re-running this script phase.\necho \"SUCCESS\" > \"${SCRIPT_OUTPUT_FILE_0}\"\n";
			showEnvVarsInLog = 0;
		};
		6FC2C8C74D2AF782118F672B /* [CP] Embed Pods Frameworks */ = {
			isa = PBXShellScriptBuildPhase;
			buildActionMask = 2147483647;
			files = (
			);
			inputFileListPaths = (
				"${PODS_ROOT}/Target Support Files/Pods-Forecast_Test/Pods-Forecast_Test-frameworks-${CONFIGURATION}-input-files.xcfilelist",
			);
			name = "[CP] Embed Pods Frameworks";
			outputFileListPaths = (
				"${PODS_ROOT}/Target Support Files/Pods-Forecast_Test/Pods-Forecast_Test-frameworks-${CONFIGURATION}-output-files.xcfilelist",
			);
			runOnlyForDeploymentPostprocessing = 0;
			shellPath = /bin/sh;
			shellScript = "\"${PODS_ROOT}/Target Support Files/Pods-Forecast_Test/Pods-Forecast_Test-frameworks.sh\"\n";
			showEnvVarsInLog = 0;
		};
		716DE2E47D5130A621B14022 /* [CP] Embed Pods Frameworks */ = {
			isa = PBXShellScriptBuildPhase;
			buildActionMask = 2147483647;
			files = (
			);
			inputFileListPaths = (
				"${PODS_ROOT}/Target Support Files/Pods-Forecast_Test-Forecast_TestUITests/Pods-Forecast_Test-Forecast_TestUITests-frameworks-${CONFIGURATION}-input-files.xcfilelist",
			);
			name = "[CP] Embed Pods Frameworks";
			outputFileListPaths = (
				"${PODS_ROOT}/Target Support Files/Pods-Forecast_Test-Forecast_TestUITests/Pods-Forecast_Test-Forecast_TestUITests-frameworks-${CONFIGURATION}-output-files.xcfilelist",
			);
			runOnlyForDeploymentPostprocessing = 0;
			shellPath = /bin/sh;
			shellScript = "\"${PODS_ROOT}/Target Support Files/Pods-Forecast_Test-Forecast_TestUITests/Pods-Forecast_Test-Forecast_TestUITests-frameworks.sh\"\n";
			showEnvVarsInLog = 0;
		};
		C9DC228DAC3E033DF569D729 /* [CP] Check Pods Manifest.lock */ = {
			isa = PBXShellScriptBuildPhase;
			buildActionMask = 2147483647;
			files = (
			);
			inputFileListPaths = (
			);
			inputPaths = (
				"${PODS_PODFILE_DIR_PATH}/Podfile.lock",
				"${PODS_ROOT}/Manifest.lock",
			);
			name = "[CP] Check Pods Manifest.lock";
			outputFileListPaths = (
			);
			outputPaths = (
				"$(DERIVED_FILE_DIR)/Pods-Forecast_Test-Forecast_TestUITests-checkManifestLockResult.txt",
			);
			runOnlyForDeploymentPostprocessing = 0;
			shellPath = /bin/sh;
			shellScript = "diff \"${PODS_PODFILE_DIR_PATH}/Podfile.lock\" \"${PODS_ROOT}/Manifest.lock\" > /dev/null\nif [ $? != 0 ] ; then\n    # print error to STDERR\n    echo \"error: The sandbox is not in sync with the Podfile.lock. Run 'pod install' or update your CocoaPods installation.\" >&2\n    exit 1\nfi\n# This output is used by Xcode 'outputs' to avoid re-running this script phase.\necho \"SUCCESS\" > \"${SCRIPT_OUTPUT_FILE_0}\"\n";
			showEnvVarsInLog = 0;
		};
/* End PBXShellScriptBuildPhase section */

/* Begin PBXSourcesBuildPhase section */
		FCFA4A2C24BE6E190029E057 /* Sources */ = {
			isa = PBXSourcesBuildPhase;
			buildActionMask = 2147483647;
			files = (
				FC703C1724BE99E300A46085 /* RequestBase.swift in Sources */,
				FC703C1524BE997800A46085 /* ServiceRequest .swift in Sources */,
				FC513A0124BFE83F00A197FA /* NewsTableViewCell.swift in Sources */,
				FC5139F624BFE0F300A197FA /* ViewController+Extension.swift in Sources */,
				FCFA4A3824BE6E190029E057 /* HomeViewController.swift in Sources */,
				FC513A0524BFF39F00A197FA /* ForecastTableViewCell.swift in Sources */,
				FC5139F424BFD83C00A197FA /* News.swift in Sources */,
				FC3C9D5524C0FDEB005368E7 /* Image+Extension.swift in Sources */,
				FC513A0924BFF75A00A197FA /* CityTableViewCell.swift in Sources */,
				FC43B16A24BF967D00F774F4 /* HomeViewModel.swift in Sources */,
				FCFA4A3424BE6E190029E057 /* AppDelegate.swift in Sources */,
				FCFA4A3624BE6E190029E057 /* SceneDelegate.swift in Sources */,
				FC703C1A24BEB11000A46085 /* Weather.swift in Sources */,
				FC3C9D5724C0FDF6005368E7 /* String+Extension.swift in Sources */,
				FC513A0D24BFF99000A197FA /* NewsHeaderTableViewCell.swift in Sources */,
			);
			runOnlyForDeploymentPostprocessing = 0;
		};
		FCFA4A4224BE6E1B0029E057 /* Sources */ = {
			isa = PBXSourcesBuildPhase;
			buildActionMask = 2147483647;
			files = (
				FCFA4A4B24BE6E1B0029E057 /* Forecast_TestTests.swift in Sources */,
			);
			runOnlyForDeploymentPostprocessing = 0;
		};
		FCFA4A4D24BE6E1B0029E057 /* Sources */ = {
			isa = PBXSourcesBuildPhase;
			buildActionMask = 2147483647;
			files = (
				FCFA4A5624BE6E1B0029E057 /* Forecast_TestUITests.swift in Sources */,
			);
			runOnlyForDeploymentPostprocessing = 0;
		};
/* End PBXSourcesBuildPhase section */

/* Begin PBXTargetDependency section */
		FCFA4A4824BE6E1B0029E057 /* PBXTargetDependency */ = {
			isa = PBXTargetDependency;
			target = FCFA4A2F24BE6E190029E057 /* Forecast_Test */;
			targetProxy = FCFA4A4724BE6E1B0029E057 /* PBXContainerItemProxy */;
		};
		FCFA4A5324BE6E1B0029E057 /* PBXTargetDependency */ = {
			isa = PBXTargetDependency;
			target = FCFA4A2F24BE6E190029E057 /* Forecast_Test */;
			targetProxy = FCFA4A5224BE6E1B0029E057 /* PBXContainerItemProxy */;
		};
/* End PBXTargetDependency section */

/* Begin PBXVariantGroup section */
		FCFA4A3924BE6E190029E057 /* Main.storyboard */ = {
			isa = PBXVariantGroup;
			children = (
				FCFA4A3A24BE6E190029E057 /* Base */,
			);
			name = Main.storyboard;
			sourceTree = "<group>";
		};
		FCFA4A3E24BE6E1B0029E057 /* LaunchScreen.storyboard */ = {
			isa = PBXVariantGroup;
			children = (
				FCFA4A3F24BE6E1B0029E057 /* Base */,
			);
			name = LaunchScreen.storyboard;
			sourceTree = "<group>";
		};
/* End PBXVariantGroup section */

/* Begin XCBuildConfiguration section */
		FCFA4A5824BE6E1B0029E057 /* Debug */ = {
			isa = XCBuildConfiguration;
			buildSettings = {
				ALWAYS_SEARCH_USER_PATHS = NO;
				CLANG_ANALYZER_NONNULL = YES;
				CLANG_ANALYZER_NUMBER_OBJECT_CONVERSION = YES_AGGRESSIVE;
				CLANG_CXX_LANGUAGE_STANDARD = "gnu++14";
				CLANG_CXX_LIBRARY = "libc++";
				CLANG_ENABLE_MODULES = YES;
				CLANG_ENABLE_OBJC_ARC = YES;
				CLANG_ENABLE_OBJC_WEAK = YES;
				CLANG_WARN_BLOCK_CAPTURE_AUTORELEASING = YES;
				CLANG_WARN_BOOL_CONVERSION = YES;
				CLANG_WARN_COMMA = YES;
				CLANG_WARN_CONSTANT_CONVERSION = YES;
				CLANG_WARN_DEPRECATED_OBJC_IMPLEMENTATIONS = YES;
				CLANG_WARN_DIRECT_OBJC_ISA_USAGE = YES_ERROR;
				CLANG_WARN_DOCUMENTATION_COMMENTS = YES;
				CLANG_WARN_EMPTY_BODY = YES;
				CLANG_WARN_ENUM_CONVERSION = YES;
				CLANG_WARN_INFINITE_RECURSION = YES;
				CLANG_WARN_INT_CONVERSION = YES;
				CLANG_WARN_NON_LITERAL_NULL_CONVERSION = YES;
				CLANG_WARN_OBJC_IMPLICIT_RETAIN_SELF = YES;
				CLANG_WARN_OBJC_LITERAL_CONVERSION = YES;
				CLANG_WARN_OBJC_ROOT_CLASS = YES_ERROR;
				CLANG_WARN_RANGE_LOOP_ANALYSIS = YES;
				CLANG_WARN_STRICT_PROTOTYPES = YES;
				CLANG_WARN_SUSPICIOUS_MOVE = YES;
				CLANG_WARN_UNGUARDED_AVAILABILITY = YES_AGGRESSIVE;
				CLANG_WARN_UNREACHABLE_CODE = YES;
				CLANG_WARN__DUPLICATE_METHOD_MATCH = YES;
				COPY_PHASE_STRIP = NO;
				DEBUG_INFORMATION_FORMAT = dwarf;
				ENABLE_STRICT_OBJC_MSGSEND = YES;
				ENABLE_TESTABILITY = YES;
				GCC_C_LANGUAGE_STANDARD = gnu11;
				GCC_DYNAMIC_NO_PIC = NO;
				GCC_NO_COMMON_BLOCKS = YES;
				GCC_OPTIMIZATION_LEVEL = 0;
				GCC_PREPROCESSOR_DEFINITIONS = (
					"DEBUG=1",
					"$(inherited)",
				);
				GCC_WARN_64_TO_32_BIT_CONVERSION = YES;
				GCC_WARN_ABOUT_RETURN_TYPE = YES_ERROR;
				GCC_WARN_UNDECLARED_SELECTOR = YES;
				GCC_WARN_UNINITIALIZED_AUTOS = YES_AGGRESSIVE;
				GCC_WARN_UNUSED_FUNCTION = YES;
				GCC_WARN_UNUSED_VARIABLE = YES;
				IPHONEOS_DEPLOYMENT_TARGET = 13.5;
				MTL_ENABLE_DEBUG_INFO = INCLUDE_SOURCE;
				MTL_FAST_MATH = YES;
				ONLY_ACTIVE_ARCH = YES;
				SDKROOT = iphoneos;
				SWIFT_ACTIVE_COMPILATION_CONDITIONS = DEBUG;
				SWIFT_OPTIMIZATION_LEVEL = "-Onone";
			};
			name = Debug;
		};
		FCFA4A5924BE6E1B0029E057 /* Release */ = {
			isa = XCBuildConfiguration;
			buildSettings = {
				ALWAYS_SEARCH_USER_PATHS = NO;
				CLANG_ANALYZER_NONNULL = YES;
				CLANG_ANALYZER_NUMBER_OBJECT_CONVERSION = YES_AGGRESSIVE;
				CLANG_CXX_LANGUAGE_STANDARD = "gnu++14";
				CLANG_CXX_LIBRARY = "libc++";
				CLANG_ENABLE_MODULES = YES;
				CLANG_ENABLE_OBJC_ARC = YES;
				CLANG_ENABLE_OBJC_WEAK = YES;
				CLANG_WARN_BLOCK_CAPTURE_AUTORELEASING = YES;
				CLANG_WARN_BOOL_CONVERSION = YES;
				CLANG_WARN_COMMA = YES;
				CLANG_WARN_CONSTANT_CONVERSION = YES;
				CLANG_WARN_DEPRECATED_OBJC_IMPLEMENTATIONS = YES;
				CLANG_WARN_DIRECT_OBJC_ISA_USAGE = YES_ERROR;
				CLANG_WARN_DOCUMENTATION_COMMENTS = YES;
				CLANG_WARN_EMPTY_BODY = YES;
				CLANG_WARN_ENUM_CONVERSION = YES;
				CLANG_WARN_INFINITE_RECURSION = YES;
				CLANG_WARN_INT_CONVERSION = YES;
				CLANG_WARN_NON_LITERAL_NULL_CONVERSION = YES;
				CLANG_WARN_OBJC_IMPLICIT_RETAIN_SELF = YES;
				CLANG_WARN_OBJC_LITERAL_CONVERSION = YES;
				CLANG_WARN_OBJC_ROOT_CLASS = YES_ERROR;
				CLANG_WARN_RANGE_LOOP_ANALYSIS = YES;
				CLANG_WARN_STRICT_PROTOTYPES = YES;
				CLANG_WARN_SUSPICIOUS_MOVE = YES;
				CLANG_WARN_UNGUARDED_AVAILABILITY = YES_AGGRESSIVE;
				CLANG_WARN_UNREACHABLE_CODE = YES;
				CLANG_WARN__DUPLICATE_METHOD_MATCH = YES;
				COPY_PHASE_STRIP = NO;
				DEBUG_INFORMATION_FORMAT = "dwarf-with-dsym";
				ENABLE_NS_ASSERTIONS = NO;
				ENABLE_STRICT_OBJC_MSGSEND = YES;
				GCC_C_LANGUAGE_STANDARD = gnu11;
				GCC_NO_COMMON_BLOCKS = YES;
				GCC_WARN_64_TO_32_BIT_CONVERSION = YES;
				GCC_WARN_ABOUT_RETURN_TYPE = YES_ERROR;
				GCC_WARN_UNDECLARED_SELECTOR = YES;
				GCC_WARN_UNINITIALIZED_AUTOS = YES_AGGRESSIVE;
				GCC_WARN_UNUSED_FUNCTION = YES;
				GCC_WARN_UNUSED_VARIABLE = YES;
				IPHONEOS_DEPLOYMENT_TARGET = 13.5;
				MTL_ENABLE_DEBUG_INFO = NO;
				MTL_FAST_MATH = YES;
				SDKROOT = iphoneos;
				SWIFT_COMPILATION_MODE = wholemodule;
				SWIFT_OPTIMIZATION_LEVEL = "-O";
				VALIDATE_PRODUCT = YES;
			};
			name = Release;
		};
		FCFA4A5B24BE6E1B0029E057 /* Debug */ = {
			isa = XCBuildConfiguration;
			baseConfigurationReference = 5ECAFE9FD06FC52E813310DD /* Pods-Forecast_Test.debug.xcconfig */;
			buildSettings = {
				ASSETCATALOG_COMPILER_APPICON_NAME = AppIcon;
				CODE_SIGN_STYLE = Automatic;
				DEVELOPMENT_TEAM = YH7K6PQM2C;
				INFOPLIST_FILE = Forecast_Test/App/Info.plist;
				LD_RUNPATH_SEARCH_PATHS = (
					"$(inherited)",
					"@executable_path/Frameworks",
				);
				PRODUCT_BUNDLE_IDENTIFIER = "rco.Forecast-Test";
				PRODUCT_NAME = "$(TARGET_NAME)";
				SWIFT_VERSION = 5.0;
				TARGETED_DEVICE_FAMILY = "1,2";
			};
			name = Debug;
		};
		FCFA4A5C24BE6E1B0029E057 /* Release */ = {
			isa = XCBuildConfiguration;
			baseConfigurationReference = C8FBA4199F0BBCD2AEDA162B /* Pods-Forecast_Test.release.xcconfig */;
			buildSettings = {
				ASSETCATALOG_COMPILER_APPICON_NAME = AppIcon;
				CODE_SIGN_STYLE = Automatic;
				DEVELOPMENT_TEAM = YH7K6PQM2C;
				INFOPLIST_FILE = Forecast_Test/App/Info.plist;
				LD_RUNPATH_SEARCH_PATHS = (
					"$(inherited)",
					"@executable_path/Frameworks",
				);
				PRODUCT_BUNDLE_IDENTIFIER = "rco.Forecast-Test";
				PRODUCT_NAME = "$(TARGET_NAME)";
				SWIFT_VERSION = 5.0;
				TARGETED_DEVICE_FAMILY = "1,2";
			};
			name = Release;
		};
		FCFA4A5E24BE6E1B0029E057 /* Debug */ = {
			isa = XCBuildConfiguration;
			baseConfigurationReference = AD15350D6A9DB71A0B55B5D1 /* Pods-Forecast_TestTests.debug.xcconfig */;
			buildSettings = {
				ALWAYS_EMBED_SWIFT_STANDARD_LIBRARIES = YES;
				BUNDLE_LOADER = "$(TEST_HOST)";
				CODE_SIGN_STYLE = Automatic;
				DEVELOPMENT_TEAM = YH7K6PQM2C;
				INFOPLIST_FILE = Forecast_TestTests/Info.plist;
				IPHONEOS_DEPLOYMENT_TARGET = 13.5;
				LD_RUNPATH_SEARCH_PATHS = (
					"$(inherited)",
					"@executable_path/Frameworks",
					"@loader_path/Frameworks",
				);
				PRODUCT_BUNDLE_IDENTIFIER = "rco.Forecast-TestTests";
				PRODUCT_NAME = "$(TARGET_NAME)";
				SWIFT_VERSION = 5.0;
				TARGETED_DEVICE_FAMILY = "1,2";
				TEST_HOST = "$(BUILT_PRODUCTS_DIR)/Forecast_Test.app/Forecast_Test";
			};
			name = Debug;
		};
		FCFA4A5F24BE6E1B0029E057 /* Release */ = {
			isa = XCBuildConfiguration;
			baseConfigurationReference = BF86457A33B9EBA2C696D76F /* Pods-Forecast_TestTests.release.xcconfig */;
			buildSettings = {
				ALWAYS_EMBED_SWIFT_STANDARD_LIBRARIES = YES;
				BUNDLE_LOADER = "$(TEST_HOST)";
				CODE_SIGN_STYLE = Automatic;
				DEVELOPMENT_TEAM = YH7K6PQM2C;
				INFOPLIST_FILE = Forecast_TestTests/Info.plist;
				IPHONEOS_DEPLOYMENT_TARGET = 13.5;
				LD_RUNPATH_SEARCH_PATHS = (
					"$(inherited)",
					"@executable_path/Frameworks",
					"@loader_path/Frameworks",
				);
				PRODUCT_BUNDLE_IDENTIFIER = "rco.Forecast-TestTests";
				PRODUCT_NAME = "$(TARGET_NAME)";
				SWIFT_VERSION = 5.0;
				TARGETED_DEVICE_FAMILY = "1,2";
				TEST_HOST = "$(BUILT_PRODUCTS_DIR)/Forecast_Test.app/Forecast_Test";
			};
			name = Release;
		};
		FCFA4A6124BE6E1B0029E057 /* Debug */ = {
			isa = XCBuildConfiguration;
			baseConfigurationReference = FBADC42C0185E44643FDC44A /* Pods-Forecast_Test-Forecast_TestUITests.debug.xcconfig */;
			buildSettings = {
				ALWAYS_EMBED_SWIFT_STANDARD_LIBRARIES = YES;
				CODE_SIGN_STYLE = Automatic;
				DEVELOPMENT_TEAM = YH7K6PQM2C;
				INFOPLIST_FILE = Forecast_TestUITests/Info.plist;
				LD_RUNPATH_SEARCH_PATHS = (
					"$(inherited)",
					"@executable_path/Frameworks",
					"@loader_path/Frameworks",
				);
				PRODUCT_BUNDLE_IDENTIFIER = "rco.Forecast-TestUITests";
				PRODUCT_NAME = "$(TARGET_NAME)";
				SWIFT_VERSION = 5.0;
				TARGETED_DEVICE_FAMILY = "1,2";
				TEST_TARGET_NAME = Forecast_Test;
			};
			name = Debug;
		};
		FCFA4A6224BE6E1B0029E057 /* Release */ = {
			isa = XCBuildConfiguration;
			baseConfigurationReference = 0C54C2C51698C76C5880E025 /* Pods-Forecast_Test-Forecast_TestUITests.release.xcconfig */;
			buildSettings = {
				ALWAYS_EMBED_SWIFT_STANDARD_LIBRARIES = YES;
				CODE_SIGN_STYLE = Automatic;
				DEVELOPMENT_TEAM = YH7K6PQM2C;
				INFOPLIST_FILE = Forecast_TestUITests/Info.plist;
				LD_RUNPATH_SEARCH_PATHS = (
					"$(inherited)",
					"@executable_path/Frameworks",
					"@loader_path/Frameworks",
				);
				PRODUCT_BUNDLE_IDENTIFIER = "rco.Forecast-TestUITests";
				PRODUCT_NAME = "$(TARGET_NAME)";
				SWIFT_VERSION = 5.0;
				TARGETED_DEVICE_FAMILY = "1,2";
				TEST_TARGET_NAME = Forecast_Test;
			};
			name = Release;
		};
/* End XCBuildConfiguration section */

/* Begin XCConfigurationList section */
		FCFA4A2B24BE6E190029E057 /* Build configuration list for PBXProject "Forecast_Test" */ = {
			isa = XCConfigurationList;
			buildConfigurations = (
				FCFA4A5824BE6E1B0029E057 /* Debug */,
				FCFA4A5924BE6E1B0029E057 /* Release */,
			);
			defaultConfigurationIsVisible = 0;
			defaultConfigurationName = Release;
		};
		FCFA4A5A24BE6E1B0029E057 /* Build configuration list for PBXNativeTarget "Forecast_Test" */ = {
			isa = XCConfigurationList;
			buildConfigurations = (
				FCFA4A5B24BE6E1B0029E057 /* Debug */,
				FCFA4A5C24BE6E1B0029E057 /* Release */,
			);
			defaultConfigurationIsVisible = 0;
			defaultConfigurationName = Release;
		};
		FCFA4A5D24BE6E1B0029E057 /* Build configuration list for PBXNativeTarget "Forecast_TestTests" */ = {
			isa = XCConfigurationList;
			buildConfigurations = (
				FCFA4A5E24BE6E1B0029E057 /* Debug */,
				FCFA4A5F24BE6E1B0029E057 /* Release */,
			);
			defaultConfigurationIsVisible = 0;
			defaultConfigurationName = Release;
		};
		FCFA4A6024BE6E1B0029E057 /* Build configuration list for PBXNativeTarget "Forecast_TestUITests" */ = {
			isa = XCConfigurationList;
			buildConfigurations = (
				FCFA4A6124BE6E1B0029E057 /* Debug */,
				FCFA4A6224BE6E1B0029E057 /* Release */,
			);
			defaultConfigurationIsVisible = 0;
			defaultConfigurationName = Release;
		};
/* End XCConfigurationList section */
	};
	rootObject = FCFA4A2824BE6E190029E057 /* Project object */;
}
